
Microsoft Visual Studio Solution File, Format Version 12.00
# Visual Studio Version 16
VisualStudioVersion = 16.0.31829.152
MinimumVisualStudioVersion = 10.0.40219.1
Project("{FAE04EC0-301F-11D3-BF4B-00C04F79EFBC}") = "HetWinkeltje", "HetWinkeltje\HetWinkeltje.csproj", "{2ABE955F-23AD-4AB6-BBA0-6EF16E40912A}"
EndProject
Global
	GlobalSection(SolutionConfigurationPlatforms) = preSolution
		Debug|Any CPU = Debug|Any CPU
		Release|Any CPU = Release|Any CPU
	EndGlobalSection
	GlobalSection(ProjectConfigurationPlatforms) = postSolution
		{2ABE955F-23AD-4AB6-BBA0-6EF16E40912A}.Debug|Any CPU.ActiveCfg = Debug|Any CPU
		{2ABE955F-23AD-4AB6-BBA0-6EF16E40912A}.Debug|Any CPU.Build.0 = Debug|Any CPU
		{2ABE955F-23AD-4AB6-BBA0-6EF16E40912A}.Release|Any CPU.ActiveCfg = Release|Any CPU
		{2ABE955F-23AD-4AB6-BBA0-6EF16E40912A}.Release|Any CPU.Build.0 = Release|Any CPU
	EndGlobalSection
	GlobalSection(SolutionProperties) = preSolution
		HideSolutionNode = FALSE
	EndGlobalSection
	GlobalSection(ExtensibilityGlobals) = postSolution
		SolutionGuid = {D7BBF2FA-AB83-49F3-83AC-97405084737C}
	EndGlobalSection
EndGlobal
